{
  "lockfile_version": "1",
  "packages": {
    "awscli2@2.33.2": {
      "last_modified": "2026-01-23T17:20:52Z",
      "resolved": "github:NixOS/nixpkgs/a1bab9e494f5f4939442a57a58d0449a109593fe#awscli2",
      "source": "devbox-search",
      "version": "2.33.2",
      "systems": {
        "aarch64-darwin": {
          "outputs": [
            {
              "name": "out",
              "path": "/nix/store/6812vpz14kjmdg44zk6rd68pigjm1ppf-awscli2-2.33.2",
              "default": true
            },
            {
              "name": "dist",
              "path": "/nix/store/qf0ylzfbs04id336lpk5p447xg3pbiwb-awscli2-2.33.2-dist"
            }
          ],
          "store_path": "/nix/store/6812vpz14kjmdg44zk6rd68pigjm1ppf-awscli2-2.33.2"
        },
        "aarch64-linux": {
          "outputs": [
            {
              "name": "out",
              "path": "/nix/store/kpda33y4sg4nblzisl41i03n9hzgcalf-awscli2-2.33.2",
              "default": true
            },
            {
              "name": "dist",
              "path": "/nix/store/5nqsg97znbj4zr9lli198b3l2aldzh2c-awscli2-2.33.2-dist"
            }
          ],
          "store_path": "/nix/store/kpda33y4sg4nblzisl41i03n9hzgcalf-awscli2-2.33.2"
        },
        "x86_64-darwin": {
          "outputs": [
            {
              "name": "out",
              "path": "/nix/store/kzlq4xl48jj0v7a4a675p4a03fmy7wx9-awscli2-2.33.2",
              "default": true
            },
            {
              "name": "dist",
              "path": "/nix/store/lpyg69n78pis2563gdrb7c139d63jind-awscli2-2.33.2-dist"
            }
          ],
          "store_path": "/nix/store/kzlq4xl48jj0v7a4a675p4a03fmy7wx9-awscli2-2.33.2"
        },
        "x86_64-linux": {
          "outputs": [
            {
              "name": "out",
              "path": "/nix/store/qwl18in1xxa7l31wzq4vl1qd45jgrkm8-awscli2-2.33.2",
              "default": true
            },
            {
              "name": "dist",
              "path": "/nix/store/z8id4ydz5b8gnqkx2jddx5hpc91k58rq-awscli2-2.33.2-dist"
            }
          ],
          "store_path": "/nix/store/qwl18in1xxa7l31wzq4vl1qd45jgrkm8-awscli2-2.33.2"
        }
      }
    },
    "git@2.51.2": {
      "last_modified": "2025-11-23T21:50:36Z",
      "resolved": "github:NixOS/nixpkgs/ee09932cedcef15aaf476f9343d1dea2cb77e261#git",
      "source": "devbox-search",
      "version": "2.51.2",
      "systems": {
        "aarch64-darwin": {
          "outputs": [
            {
              "name": "out",
              "path": "/nix/store/x34bh6s6ighg7lb74nkjbx3nx52zj0j9-git-2.51.2",
              "default": true
            },
            {
              "name": "doc",
              "path": "/nix/store/6wnscv0364r6430qmx33nn927dlw2vnf-git-2.51.2-doc"
            }
          ],
          "store_path": "/nix/store/x34bh6s6ighg7lb74nkjbx3nx52zj0j9-git-2.51.2"
        },
        "aarch64-linux": {
          "outputs": [
            {
              "name": "out",
              "path": "/nix/store/gzdcfmx2p9nvd4z21b6ns00cp4sv1d2h-git-2.51.2",
              "default": true
            },
            {
              "name": "debug",
              "path": "/nix/store/5l5ln59lpi4qv2qm59aqchlz32j9zcm9-git-2.51.2-debug"
            },
            {
              "name": "doc",
              "path": "/nix/store/w28mqxb1bd51f5rwh5127pvbp31lnqmv-git-2.51.2-doc"
            }
          ],
          "store_path": "/nix/store/gzdcfmx2p9nvd4z21b6ns00cp4sv1d2h-git-2.51.2"
        },
        "x86_64-darwin": {
          "outputs": [
            {
              "name": "out",
              "path": "/nix/store/zz5xiyzpnn06cdgw1xnlvs1sbly5247r-git-2.51.2",
              "default": true
            },
            {
              "name": "doc",
              "path": "/nix/store/vrisnm56c5v8mzbv55yrq28wgkvga8nm-git-2.51.2-doc"
            }
          ],
          "store_path": "/nix/store/zz5xiyzpnn06cdgw1xnlvs1sbly5247r-git-2.51.2"
        },
        "x86_64-linux": {
          "outputs": [
            {
              "name": "out",
              "path": "/nix/store/4qhdhmi7pzgad0zfd7c5lsg235mbf9hv-git-2.51.2",
              "default": true
            },
            {
              "name": "debug",
              "path": "/nix/store/pjr2vd588sxa47glfg0ky0df3vk79dcs-git-2.51.2-debug"
            },
            {
              "name": "doc",
              "path": "/nix/store/9k6ivrdddy9s3z1hiwgavl0kfr2czgav-git-2.51.2-doc"
            }
          ],
          "store_path": "/nix/store/4qhdhmi7pzgad0zfd7c5lsg235mbf9hv-git-2.51.2"
        }
      }
    },
    "github:NixOS/nixpkgs/nixpkgs-unstable": {
      "last_modified": "2026-02-15T09:18:18Z",
      "resolved": "github:NixOS/nixpkgs/e3cb16bccd9facebae3ba29c6a76a4cc1b73462a?lastModified=1771147098&narHash=sha256-jpfPdBjKO232s5NueoNEvvVzpndiUzPLNYcH4%2FOv0gY%3D"
    },
    "go-task@3.48.0": {
      "last_modified": "2026-02-02T23:09:17Z",
      "resolved": "github:NixOS/nixpkgs/47472570b1e607482890801aeaf29bfb749884f6#go-task",
      "source": "devbox-search",
      "version": "3.48.0",
      "systems": {
        "aarch64-darwin": {
          "outputs": [
            {
              "name": "out",
              "path": "/nix/store/xcbnv9rgpbrrbjc9rhcryn29fkapyy7a-go-task-3.48.0",
              "default": true
            }
          ],
          "store_path": "/nix/store/xcbnv9rgpbrrbjc9rhcryn29fkapyy7a-go-task-3.48.0"
        },
        "aarch64-linux": {
          "outputs": [
            {
              "name": "out",
              "path": "/nix/store/ncpxzr2h6wmbw3x1rk64wbpdrdk7hnc5-go-task-3.48.0",
              "default": true
            }
          ],
          "store_path": "/nix/store/ncpxzr2h6wmbw3x1rk64wbpdrdk7hnc5-go-task-3.48.0"
        },
        "x86_64-darwin": {
          "outputs": [
            {
              "name": "out",
              "path": "/nix/store/xvrsali850p07x38l7vg337nfmy8sf4d-go-task-3.48.0",
              "default": true
            }
          ],
          "store_path": "/nix/store/xvrsali850p07x38l7vg337nfmy8sf4d-go-task-3.48.0"
        },
        "x86_64-linux": {
          "outputs": [
            {
              "name": "out",
              "path": "/nix/store/5aa1yhiq2vx8widj750xb8b7rp21xrwn-go-task-3.48.0",
              "default": true
            }
          ],
          "store_path": "/nix/store/5aa1yhiq2vx8widj750xb8b7rp21xrwn-go-task-3.48.0"
        }
      }
    },
    "jq@1.8.1": {
      "last_modified": "2026-02-15T17:45:47Z",
      "resolved": "github:NixOS/nixpkgs/ac055f38c798b0d87695240c7b761b82fc7e5bc2#jq",
      "source": "devbox-search",
      "version": "1.8.1",
      "systems": {
        "aarch64-darwin": {
          "outputs": [
            {
              "name": "bin",
              "path": "/nix/store/qjs0qndyz1g97rsc1zp4cd692y5iph64-jq-1.8.1-bin",
              "default": true
            },
            {
              "name": "man",
              "path": "/nix/store/jlpyybc7pdh4gk17dc266d6a1szm7dk6-jq-1.8.1-man",
              "default": true
            },
            {
              "name": "dev",
              "path": "/nix/store/bhryp10d5w5h9rsav5k9m9jb55z26bsl-jq-1.8.1-dev"
            },
            {
              "name": "doc",
              "path": "/nix/store/238sn0gg3i3i9v6kgx4g1k6b19frzy49-jq-1.8.1-doc"
            },
            {
              "name": "out",
              "path": "/nix/store/n64h0247s3674kry90l6kszx06zyrgfn-jq-1.8.1"
            }
          ],
          "store_path": "/nix/store/qjs0qndyz1g97rsc1zp4cd692y5iph64-jq-1.8.1-bin"
        },
        "aarch64-linux": {
          "outputs": [
            {
              "name": "bin",
              "path": "/nix/store/c1qm5fsn6qbl09xdjx649vifabypyywd-jq-1.8.1-bin",
              "default": true
            },
            {
              "name": "man",
              "path": "/nix/store/2pjwv0ab8nilrg1lvjazf9y9w6g6pk5y-jq-1.8.1-man",
              "default": true
            },
            {
              "name": "dev",
              "path": "/nix/store/2sy4y09ddbi64pbg4is078110z70jsdw-jq-1.8.1-dev"
            },
            {
              "name": "doc",
              "path": "/nix/store/vx81xggapqwdd2l64mmxrkbafih461jc-jq-1.8.1-doc"
            },
            {
              "name": "out",
              "path": "/nix/store/cfhajjz1k7gf31krbj18q9acb54xp5z9-jq-1.8.1"
            }
          ],
          "store_path": "/nix/store/c1qm5fsn6qbl09xdjx649vifabypyywd-jq-1.8.1-bin"
        },
        "x86_64-darwin": {
          "outputs": [
            {
              "name": "bin",
              "path": "/nix/store/51343hgchh7by4l8r1g244ma05ny3x0b-jq-1.8.1-bin",
              "default": true
            },
            {
              "name": "man",
              "path": "/nix/store/vx840ik1sj1h8fhqwa40aglvrgpa0r18-jq-1.8.1-man",
              "default": true
            },
            {
              "name": "dev",
              "path": "/nix/store/pp2hrljvalrrwyxh7is69nnlmxb2m7lk-jq-1.8.1-dev"
            },
            {
              "name": "doc",
              "path": "/nix/store/h05xaf7fsasgp8cpyar2195cc8lbgih8-jq-1.8.1-doc"
            },
            {
              "name": "out",
              "path": "/nix/store/bmg2xfw86wavg7fm062nyf6v48xzxh0j-jq-1.8.1"
            }
          ],
          "store_path": "/nix/store/51343hgchh7by4l8r1g244ma05ny3x0b-jq-1.8.1-bin"
        },
        "x86_64-linux": {
          "outputs": [
            {
              "name": "bin",
              "path": "/nix/store/qnaw7i777j52fpgbl5pgmzkq85znp083-jq-1.8.1-bin",
              "default": true
            },
            {
              "name": "man",
              "path": "/nix/store/6mh88qsh57ivh31c5nqxc43n0hv9xhbk-jq-1.8.1-man",
              "default": true
            },
            {
              "name": "doc",
              "path": "/nix/store/3ynrp4ypwv1g1jgsk638443p8lpd9g8f-jq-1.8.1-doc"
            },
            {
              "name": "out",
              "path": "/nix/store/fgsvqffyvcpjqs093wwf2d6dzxnmnqnv-jq-1.8.1"
            },
            {
              "name": "dev",
              "path": "/nix/store/d73i1fvhrqms0sbfrvqaynsr8iva216v-jq-1.8.1-dev"
            }
          ],
          "store_path": "/nix/store/qnaw7i777j52fpgbl5pgmzkq85znp083-jq-1.8.1-bin"
        }
      }
    },
    "kind@0.31.0": {
      "last_modified": "2026-01-23T17:20:52Z",
      "resolved": "github:NixOS/nixpkgs/a1bab9e494f5f4939442a57a58d0449a109593fe#kind",
      "source": "devbox-search",
      "version": "0.31.0",
      "systems": {
        "aarch64-darwin": {
          "outputs": [
            {
              "name": "out",
              "path": "/nix/store/jhrinvskzfygyf1zpqdldrr4s684pqpq-kind-0.31.0",
              "default": true
            }
          ],
          "store_path": "/nix/store/jhrinvskzfygyf1zpqdldrr4s684pqpq-kind-0.31.0"
        },
        "aarch64-linux": {
          "outputs": [
            {
              "name": "out",
              "path": "/nix/store/z4c4swmiyk3nrcp7glz773mlkhzay46s-kind-0.31.0",
              "default": true
            }
          ],
          "store_path": "/nix/store/z4c4swmiyk3nrcp7glz773mlkhzay46s-kind-0.31.0"
        },
        "x86_64-darwin": {
          "outputs": [
            {
              "name": "out",
              "path": "/nix/store/837blpxb5qvcslbm5s770cx8wzhm4wgv-kind-0.31.0",
              "default": true
            }
          ],
          "store_path": "/nix/store/837blpxb5qvcslbm5s770cx8wzhm4wgv-kind-0.31.0"
        },
        "x86_64-linux": {
          "outputs": [
            {
              "name": "out",
              "path": "/nix/store/y8w7xm64r76pvdycqjmi7389cv6ilh3g-kind-0.31.0",
              "default": true
            }
          ],
          "store_path": "/nix/store/y8w7xm64r76pvdycqjmi7389cv6ilh3g-kind-0.31.0"
        }
      }
    },
    "kubectl@1.33.4": {
      "last_modified": "2025-09-18T16:33:27Z",
      "resolved": "github:NixOS/nixpkgs/f4b140d5b253f5e2a1ff4e5506edbf8267724bde#kubectl",
      "source": "devbox-search",
      "version": "1.33.4",
      "systems": {
        "aarch64-darwin": {
          "outputs": [
            {
              "name": "out",
              "path": "/nix/store/l9qa55xhnsif5bd8jc558pl2kraiwisx-kubectl-1.33.4",
              "default": true
            },
            {
              "name": "man",
              "path": "/nix/store/1ax04d2wdfp63df3gbjdsq523ql895yc-kubectl-1.33.4-man",
              "default": true
            },
            {
              "name": "convert",
              "path": "/nix/store/p7xb87g2vz00n97fhaaqwr9jdvcp5647-kubectl-1.33.4-convert"
            }
          ],
          "store_path": "/nix/store/l9qa55xhnsif5bd8jc558pl2kraiwisx-kubectl-1.33.4"
        },
        "aarch64-linux": {
          "outputs": [
            {
              "name": "out",
              "path": "/nix/store/a95sq4yvhbrh4njn49glnp2xmbd3k3q1-kubectl-1.33.4",
              "default": true
            },
            {
              "name": "man",
              "path": "/nix/store/5jnghhpmiympxr759s1pqbksg3gld6d8-kubectl-1.33.4-man",
              "default": true
            },
            {
              "name": "convert",
              "path": "/nix/store/5sxzhci6fxn8jv3x9xkab1jdb43ynpzr-kubectl-1.33.4-convert"
            }
          ],
          "store_path": "/nix/store/a95sq4yvhbrh4njn49glnp2xmbd3k3q1-kubectl-1.33.4"
        },
        "x86_64-darwin": {
          "outputs": [
            {
              "name": "out",
              "path": "/nix/store/417lxr3l5cy3m86iywhhrkbkx2j9y1xk-kubectl-1.33.4",
              "default": true
            },
            {
              "name": "man",
              "path": "/nix/store/q5gf3an5cmfzyl2wqw21ll01yfmjxm0j-kubectl-1.33.4-man",
              "default": true
            },
            {
              "name": "convert",
              "path": "/nix/store/2kfp817d37kbsrjh48f8l26hmf12b97z-kubectl-1.33.4-convert"
            }
          ],
          "store_path": "/nix/store/417lxr3l5cy3m86iywhhrkbkx2j9y1xk-kubectl-1.33.4"
        },
        "x86_64-linux": {
          "outputs": [
            {
              "name": "out",
              "path": "/nix/store/abp5rhv8vnij5k08m5id75vdq4nnkqqq-kubectl-1.33.4",
              "default": true
            },
            {
              "name": "man",
              "path": "/nix/store/75afy3w5985pck1f7bvwwq7gzawf9i9c-kubectl-1.33.4-man",
              "default": true
            },
            {
              "name": "convert",
              "path": "/nix/store/1yhls3wrancjn52md7552kyalbh7dd5b-kubectl-1.33.4-convert"
            }
          ],
          "store_path": "/nix/store/abp5rhv8vnij5k08m5id75vdq4nnkqqq-kubectl-1.33.4"
        }
      }
    },
    "kubernetes-helm@3.19.1": {
      "last_modified": "2026-01-23T17:20:52Z",
      "resolved": "github:NixOS/nixpkgs/a1bab9e494f5f4939442a57a58d0449a109593fe#kubernetes-helm",
      "source": "devbox-search",
      "version": "3.19.1",
      "systems": {
        "aarch64-darwin": {
          "outputs": [
            {
              "name": "out",
              "path": "/nix/store/gw5jvq4r17iqh751g7v71svxb3ncq7si-kubernetes-helm-3.19.1",
              "default": true
            }
          ],
          "store_path": "/nix/store/gw5jvq4r17iqh751g7v71svxb3ncq7si-kubernetes-helm-3.19.1"
        },
        "aarch64-linux": {
          "outputs": [
            {
              "name": "out",
              "path": "/nix/store/j1fh4wfj0b1dk87q0irz73k8gcqhr2ak-kubernetes-helm-3.19.1",
              "default": true
            }
          ],
          "store_path": "/nix/store/j1fh4wfj0b1dk87q0irz73k8gcqhr2ak-kubernetes-helm-3.19.1"
        },
        "x86_64-darwin": {
          "outputs": [
            {
              "name": "out",
              "path": "/nix/store/9g0nwl9nrf2rjs4kgz6yclr335jdq1r5-kubernetes-helm-3.19.1",
              "default": true
            }
          ],
          "store_path": "/nix/store/9g0nwl9nrf2rjs4kgz6yclr335jdq1r5-kubernetes-helm-3.19.1"
        },
        "x86_64-linux": {
          "outputs": [
            {
              "name": "out",
              "path": "/nix/store/n4np4p37d3k0nw0h4v9vvyrk8hj0qly0-kubernetes-helm-3.19.1",
              "default": true
            }
          ],
          "store_path": "/nix/store/n4np4p37d3k0nw0h4v9vvyrk8hj0qly0-kubernetes-helm-3.19.1"
        }
      }
    },
    "kyverno-chainsaw@0.2.14": {
      "last_modified": "2026-01-23T17:20:52Z",
      "resolved": "github:NixOS/nixpkgs/a1bab9e494f5f4939442a57a58d0449a109593fe#kyverno-chainsaw",
      "source": "devbox-search",
      "version": "0.2.14",
      "systems": {
        "aarch64-darwin": {
          "outputs": [
            {
              "name": "out",
              "path": "/nix/store/bdq5h9wqyg7xa6xwjy0qip8apcb4az7d-kyverno-chainsaw-0.2.14",
              "default": true
            }
          ],
          "store_path": "/nix/store/bdq5h9wqyg7xa6xwjy0qip8apcb4az7d-kyverno-chainsaw-0.2.14"
        },
        "aarch64-linux": {
          "outputs": [
            {
              "name": "out",
              "path": "/nix/store/qjysl6aj6916fqbpg9f8wfxv4h9sf17p-kyverno-chainsaw-0.2.14",
              "default": true
            }
          ],
          "store_path": "/nix/store/qjysl6aj6916fqbpg9f8wfxv4h9sf17p-kyverno-chainsaw-0.2.14"
        },
        "x86_64-darwin": {
          "outputs": [
            {
              "name": "out",
              "path": "/nix/store/zrncsm3n3xqfcsdkf2dhifnxz2m7b1ix-kyverno-chainsaw-0.2.14",
              "default": true
            }
          ],
          "store_path": "/nix/store/zrncsm3n3xqfcsdkf2dhifnxz2m7b1ix-kyverno-chainsaw-0.2.14"
        },
        "x86_64-linux": {
          "outputs": [
            {
              "name": "out",
              "path": "/nix/store/mf7gpbgdfxnvdc4x670901fyakpk64vx-kyverno-chainsaw-0.2.14",
              "default": true
            }
          ],
          "store_path": "/nix/store/mf7gpbgdfxnvdc4x670901fyakpk64vx-kyverno-chainsaw-0.2.14"
        }
      }
    },
    "nushell@0.110.0": {
      "last_modified": "2026-02-02T23:09:17Z",
      "resolved": "github:NixOS/nixpkgs/47472570b1e607482890801aeaf29bfb749884f6#nushell",
      "source": "devbox-search",
      "version": "0.110.0",
      "systems": {
        "aarch64-darwin": {
          "outputs": [
            {
              "name": "out",
              "path": "/nix/store/sv8lrcd9ysshjakiq0n44im0dkbbb84y-nushell-0.110.0",
              "default": true
            }
          ],
          "store_path": "/nix/store/sv8lrcd9ysshjakiq0n44im0dkbbb84y-nushell-0.110.0"
        },
        "aarch64-linux": {
          "outputs": [
            {
              "name": "out",
              "path": "/nix/store/dsbxdp9k7i0mppsf04mss0sg09w3s54z-nushell-0.110.0",
              "default": true
            }
          ],
          "store_path": "/nix/store/dsbxdp9k7i0mppsf04mss0sg09w3s54z-nushell-0.110.0"
        },
        "x86_64-darwin": {
          "outputs": [
            {
              "name": "out",
              "path": "/nix/store/vz399hzzwv314a77q81ya1s94nzbvnvc-nushell-0.110.0",
              "default": true
            }
          ],
          "store_path": "/nix/store/vz399hzzwv314a77q81ya1s94nzbvnvc-nushell-0.110.0"
        },
        "x86_64-linux": {
          "outputs": [
            {
              "name": "out",
              "path": "/nix/store/fh6j6rx8vfmn41pibmzhshq57d5mlxc8-nushell-0.110.0",
              "default": true
            }
          ],
          "store_path": "/nix/store/fh6j6rx8vfmn41pibmzhshq57d5mlxc8-nushell-0.110.0"
        }
      }
    },
    "python3@3.12.8": {
      "last_modified": "2025-01-06T03:40:18Z",
      "plugin_version": "0.0.4",
      "resolved": "github:NixOS/nixpkgs/3df3c47c19dc90fec35359e89ffb52b34d2b0e94#python3",
      "source": "devbox-search",
      "version": "3.12.8",
      "systems": {
        "aarch64-darwin": {
          "outputs": [
            {
              "name": "out",
              "path": "/nix/store/8zc3wcplydp8gsxms24scpzdca438dk5-python3-3.12.8",
              "default": true
            }
          ],
          "store_path": "/nix/store/8zc3wcplydp8gsxms24scpzdca438dk5-python3-3.12.8"
        },
        "aarch64-linux": {
          "outputs": [
            {
              "name": "out",
              "path": "/nix/store/66pn6ysmvx675061xaq2vz93s9vdc5p4-python3-3.12.8",
              "default": true
            },
            {
              "name": "debug",
              "path": "/nix/store/brcg3a34fi45ffky63g5pqd22sksvq13-python3-3.12.8-debug"
            }
          ],
          "store_path": "/nix/store/66pn6ysmvx675061xaq2vz93s9vdc5p4-python3-3.12.8"
        },
        "x86_64-darwin": {
          "outputs": [
            {
              "name": "out",
              "path": "/nix/store/fpmkmdzgd1q7kqadc7czcjdhjj7bsc0i-python3-3.12.8",
              "default": true
            }
          ],
          "store_path": "/nix/store/fpmkmdzgd1q7kqadc7czcjdhjj7bsc0i-python3-3.12.8"
        },
        "x86_64-linux": {
          "outputs": [
            {
              "name": "out",
              "path": "/nix/store/c9m6yd8fg1flz2j5r4bif1ib5j20a0cy-python3-3.12.8",
              "default": true
            },
            {
              "name": "debug",
              "path": "/nix/store/cicfrcjr8pky8qd0gxw0x84ynyviy6b5-python3-3.12.8-debug"
            }
          ],
          "store_path": "/nix/store/c9m6yd8fg1flz2j5r4bif1ib5j20a0cy-python3-3.12.8"
        }
      }
    },
    "upbound@0.40.3": {
      "last_modified": "2026-01-23T17:20:52Z",
      "resolved": "github:NixOS/nixpkgs/a1bab9e494f5f4939442a57a58d0449a109593fe#upbound",
      "source": "devbox-search",
      "version": "0.40.3",
      "systems": {
        "aarch64-darwin": {
          "outputs": [
            {
              "name": "out",
              "path": "/nix/store/hpci4iqg1j6s9ihkvk5lwr8i61vz8zjj-upbound-0.40.3",
              "default": true
            }
          ],
          "store_path": "/nix/store/hpci4iqg1j6s9ihkvk5lwr8i61vz8zjj-upbound-0.40.3"
        },
        "aarch64-linux": {
          "outputs": [
            {
              "name": "out",
              "path": "/nix/store/2ikbizsv5mywrkg9k0226rswi85hxdvv-upbound-0.40.3",
              "default": true
            }
          ],
          "store_path": "/nix/store/2ikbizsv5mywrkg9k0226rswi85hxdvv-upbound-0.40.3"
        },
        "x86_64-darwin": {
          "outputs": [
            {
              "name": "out",
              "path": "/nix/store/wclgn19sdx1qwa2vyhrbf2abc7jvz9yi-upbound-0.40.3",
              "default": true
            }
          ],
          "store_path": "/nix/store/wclgn19sdx1qwa2vyhrbf2abc7jvz9yi-upbound-0.40.3"
        },
        "x86_64-linux": {
          "outputs": [
            {
              "name": "out",
              "path": "/nix/store/frapdjd9gifaahp3255s24w1imnm6yz6-upbound-0.40.3",
              "default": true
            }
          ],
          "store_path": "/nix/store/frapdjd9gifaahp3255s24w1imnm6yz6-upbound-0.40.3"
        }
      }
    },
    "vals@0.42.6": {
      "last_modified": "2025-12-31T03:27:36Z",
      "resolved": "github:NixOS/nixpkgs/f665af0cdb70ed27e1bd8f9fdfecaf451260fc55#vals",
      "source": "devbox-search",
      "version": "0.42.6",
      "systems": {
        "aarch64-darwin": {
          "outputs": [
            {
              "name": "out",
              "path": "/nix/store/b7wxjafb4il13b9lr0nd8k9lda5miy9g-vals-0.42.6",
              "default": true
            }
          ],
          "store_path": "/nix/store/b7wxjafb4il13b9lr0nd8k9lda5miy9g-vals-0.42.6"
        },
        "aarch64-linux": {
          "outputs": [
            {
              "name": "out",
              "path": "/nix/store/byp1xkjbmrclcs9gh5244y3vraj9s9lg-vals-0.42.6",
              "default": true
            }
          ],
          "store_path": "/nix/store/byp1xkjbmrclcs9gh5244y3vraj9s9lg-vals-0.42.6"
        },
        "x86_64-darwin": {
          "outputs": [
            {
              "name": "out",
              "path": "/nix/store/b3iqdxczbgps4lpshffkmk1g7braymyy-vals-0.42.6",
              "default": true
            }
          ],
          "store_path": "/nix/store/b3iqdxczbgps4lpshffkmk1g7braymyy-vals-0.42.6"
        },
        "x86_64-linux": {
          "outputs": [
            {
              "name": "out",
              "path": "/nix/store/ralcwln869c2v7sr5ldw64dh30nixilv-vals-0.42.6",
              "default": true
            }
          ],
          "store_path": "/nix/store/ralcwln869c2v7sr5ldw64dh30nixilv-vals-0.42.6"
        }
      }
    },
    "yq-go@4.52.2": {
      "last_modified": "2026-02-01T22:02:28Z",
      "resolved": "github:NixOS/nixpkgs/eb8d947de7b05897b2b5f4117d184f9c9846cd06#yq-go",
      "source": "devbox-search",
      "version": "4.52.2",
      "systems": {
        "aarch64-darwin": {
          "outputs": [
            {
              "name": "out",
              "path": "/nix/store/wcnjbnjaj7jbkahpnis2r06ri2043iq8-yq-go-4.52.2",
              "default": true
            }
          ],
          "store_path": "/nix/store/wcnjbnjaj7jbkahpnis2r06ri2043iq8-yq-go-4.52.2"
        },
        "aarch64-linux": {
          "outputs": [
            {
              "name": "out",
              "path": "/nix/store/f0sxp48g7wdbxllda43hash7ni76l18r-yq-go-4.52.2",
              "default": true
            }
          ],
          "store_path": "/nix/store/f0sxp48g7wdbxllda43hash7ni76l18r-yq-go-4.52.2"
        },
        "x86_64-darwin": {
          "outputs": [
            {
              "name": "out",
              "path": "/nix/store/wd8img44f5sksvg9ghbrciji2mc62g3r-yq-go-4.52.2",
              "default": true
            }
          ],
          "store_path": "/nix/store/wd8img44f5sksvg9ghbrciji2mc62g3r-yq-go-4.52.2"
        },
        "x86_64-linux": {
          "outputs": [
            {
              "name": "out",
              "path": "/nix/store/npg6jhjyl6nk1zdphd513a7d34689qx7-yq-go-4.52.2",
              "default": true
            }
          ],
          "store_path": "/nix/store/npg6jhjyl6nk1zdphd513a7d34689qx7-yq-go-4.52.2"
        }
      }
    }
  }
}
